
Microsoft Visual Studio Solution File, Format Version 12.00
# Visual Studio Version 16
VisualStudioVersion = 16.0.32002.261
MinimumVisualStudioVersion = 10.0.40219.1
Project("{FAE04EC0-301F-11D3-BF4B-00C04F79EFBC}") = "WebApplication2", "WebApplication2.csproj", "{8472AF63-F7D5-4048-A438-63405F015C73}"
EndProject
Project("{FAE04EC0-301F-11D3-BF4B-00C04F79EFBC}") = "WebApplication2.Client", "..\WebApplication2.Client\WebApplication2.Client.csproj", "{050D2CB4-3197-41A9-8122-FC633EDB3220}"
EndProject
Global
	GlobalSection(SolutionConfigurationPlatforms) = preSolution
		Debug|Any CPU = Debug|Any CPU
		Release|Any CPU = Release|Any CPU
	EndGlobalSection
	GlobalSection(ProjectConfigurationPlatforms) = postSolution
		{8472AF63-F7D5-4048-A438-63405F015C73}.Debug|Any CPU.ActiveCfg = Debug|Any CPU
		{8472AF63-F7D5-4048-A438-63405F015C73}.Debug|Any CPU.Build.0 = Debug|Any CPU
		{8472AF63-F7D5-4048-A438-63405F015C73}.Release|Any CPU.ActiveCfg = Release|Any CPU
		{8472AF63-F7D5-4048-A438-63405F015C73}.Release|Any CPU.Build.0 = Release|Any CPU
		{050D2CB4-3197-41A9-8122-FC633EDB3220}.Debug|Any CPU.ActiveCfg = Debug|Any CPU
		{050D2CB4-3197-41A9-8122-FC633EDB3220}.Debug|Any CPU.Build.0 = Debug|Any CPU
		{050D2CB4-3197-41A9-8122-FC633EDB3220}.Release|Any CPU.ActiveCfg = Release|Any CPU
		{050D2CB4-3197-41A9-8122-FC633EDB3220}.Release|Any CPU.Build.0 = Release|Any CPU
	EndGlobalSection
	GlobalSection(SolutionProperties) = preSolution
		HideSolutionNode = FALSE
	EndGlobalSection
	GlobalSection(ExtensibilityGlobals) = postSolution
		SolutionGuid = {111AFA8E-B0C0-4D25-99F0-4850184722FC}
	EndGlobalSection
EndGlobal
